PODS:
  - boost-for-react-native (1.63.0)
  - CocoaAsyncSocket (7.6.3)
  - DoubleConversion (1.1.5)
  - Folly (2016.09.26.00):
    - boost-for-react-native
    - DoubleConversion
    - glog
  - glog (0.3.4)
  - Google-Maps-iOS-Utils (2.1.0):
    - Google-Maps-iOS-Utils/Clustering (= 2.1.0)
    - Google-Maps-iOS-Utils/Geometry (= 2.1.0)
    - Google-Maps-iOS-Utils/Heatmap (= 2.1.0)
    - Google-Maps-iOS-Utils/QuadTree (= 2.1.0)
    - GoogleMaps
  - Google-Maps-iOS-Utils/Clustering (2.1.0):
    - Google-Maps-iOS-Utils/QuadTree
    - GoogleMaps
  - Google-Maps-iOS-Utils/Geometry (2.1.0):
    - GoogleMaps
  - Google-Maps-iOS-Utils/Heatmap (2.1.0):
    - Google-Maps-iOS-Utils/QuadTree
    - GoogleMaps
  - Google-Maps-iOS-Utils/QuadTree (2.1.0):
    - GoogleMaps
  - GoogleMaps (2.5.0):
    - GoogleMaps/Maps (= 2.5.0)
  - GoogleMaps/Base (2.5.0)
  - GoogleMaps/Maps (2.5.0):
    - GoogleMaps/Base
  - QBImagePickerController (3.4.0)
  - React (0.55.4):
    - React/Core (= 0.55.4)
  - react-native-google-maps (0.21.0):
    - Google-Maps-iOS-Utils (= 2.1.0)
    - GoogleMaps (= 2.5.0)
    - React
  - react-native-maps (0.21.0):
    - React
  - react-native-sqlite-storage (3.3.6):
    - React
  - React/Core (0.55.4):
    - yoga (= 0.55.4.React)
  - React/CxxBridge (0.55.4):
    - Folly (= 2016.09.26.00)
    - React/Core
    - React/cxxreact
  - React/cxxreact (0.55.4):
    - boost-for-react-native (= 1.63.0)
    - Folly (= 2016.09.26.00)
    - React/jschelpers
    - React/jsinspector
  - React/DevSupport (0.55.4):
    - React/Core
    - React/RCTWebSocket
  - React/fishhook (0.55.4)
  - React/jschelpers (0.55.4):
    - Folly (= 2016.09.26.00)
    - React/PrivateDatabase
  - React/jsinspector (0.55.4)
  - React/PrivateDatabase (0.55.4)
  - React/RCTActionSheet (0.55.4):
    - React/Core
  - React/RCTAnimation (0.55.4):
    - React/Core
  - React/RCTBlob (0.55.4):
    - React/Core
  - React/RCTGeolocation (0.55.4):
    - React/Core
  - React/RCTImage (0.55.4):
    - React/Core
    - React/RCTNetwork
  - React/RCTLinkingIOS (0.55.4):
    - React/Core
  - React/RCTNetwork (0.55.4):
    - React/Core
  - React/RCTSettings (0.55.4):
    - React/Core
  - React/RCTText (0.55.4):
    - React/Core
  - React/RCTVibration (0.55.4):
    - React/Core
  - React/RCTWebSocket (0.55.4):
    - React/Core
    - React/fishhook
    - React/RCTBlob
  - RNFS (2.10.14):
    - React
  - RNImageCropPicker (0.20.3):
    - QBImagePickerController
    - React/Core
    - RSKImageCropper
  - RNSVG (6.5.1):
    - React
  - RSKImageCropper (2.1.0)
  - yoga (0.55.4.React)

DEPENDENCIES:
  - CocoaAsyncSocket
  - DoubleConversion (from `../node_modules/react-native/third-party-podspecs/DoubleConversion.podspec`)
  - Folly (from `../node_modules/react-native/third-party-podspecs/Folly.podspec`)
  - glog (from `../node_modules/react-native/third-party-podspecs/glog.podspec`)
  - Google-Maps-iOS-Utils
  - GoogleMaps
  - react-native-google-maps (from `../node_modules/react-native-maps`)
  - react-native-maps (from `../node_modules/react-native-maps`)
  - react-native-sqlite-storage (from `../node_modules/react-native-sqlite-storage`)
  - React/Core (from `../node_modules/react-native`)
  - React/CxxBridge (from `../node_modules/react-native`)
  - React/DevSupport (from `../node_modules/react-native`)
  - React/RCTActionSheet (from `../node_modules/react-native`)
  - React/RCTAnimation (from `../node_modules/react-native`)
  - React/RCTGeolocation (from `../node_modules/react-native`)
  - React/RCTImage (from `../node_modules/react-native`)
  - React/RCTLinkingIOS (from `../node_modules/react-native`)
  - React/RCTNetwork (from `../node_modules/react-native`)
  - React/RCTSettings (from `../node_modules/react-native`)
  - React/RCTText (from `../node_modules/react-native`)
  - React/RCTVibration (from `../node_modules/react-native`)
  - React/RCTWebSocket (from `../node_modules/react-native`)
  - RNFS (from `../node_modules/react-native-fs`)
  - RNImageCropPicker (from `../node_modules/react-native-image-crop-picker`)
  - RNSVG (from `../node_modules/react-native-svg`)
  - yoga (from `../node_modules/react-native/ReactCommon/yoga/yoga.podspec`)

SPEC REPOS:
  https://github.com/cocoapods/specs.git:
    - boost-for-react-native
    - CocoaAsyncSocket
    - Google-Maps-iOS-Utils
    - GoogleMaps
    - QBImagePickerController
    - RSKImageCropper

EXTERNAL SOURCES:
  DoubleConversion:
    :podspec: "../node_modules/react-native/third-party-podspecs/DoubleConversion.podspec"
  Folly:
    :podspec: "../node_modules/react-native/third-party-podspecs/Folly.podspec"
  glog:
    :podspec: "../node_modules/react-native/third-party-podspecs/glog.podspec"
  React:
    :path: "../node_modules/react-native"
  react-native-google-maps:
    :path: "../node_modules/react-native-maps"
  react-native-maps:
    :path: "../node_modules/react-native-maps"
  react-native-sqlite-storage:
    :path: "../node_modules/react-native-sqlite-storage"
  RNFS:
    :path: "../node_modules/react-native-fs"
  RNImageCropPicker:
    :path: "../node_modules/react-native-image-crop-picker"
  RNSVG:
    :path: "../node_modules/react-native-svg"
  yoga:
    :path: "../node_modules/react-native/ReactCommon/yoga/yoga.podspec"

SPEC CHECKSUMS:
  boost-for-react-native: 39c7adb57c4e60d6c5479dd8623128eb5b3f0f2c
  CocoaAsyncSocket: eafaa68a7e0ec99ead0a7b35015e0bf25d2c8987
  DoubleConversion: e22e0762848812a87afd67ffda3998d9ef29170c
  Folly: 211775e49d8da0ca658aebc8eab89d642935755c
  glog: 1de0bb937dccdc981596d3b5825ebfb765017ded
  Google-Maps-iOS-Utils: c32891ff472eaaa1fca032beedafa1a013af7875
  GoogleMaps: c087b8e5dfe87ca6ebf59adb9b4894a4146bec4f
  QBImagePickerController: d54cf93db6decf26baf6ed3472f336ef35cae022
  React: aa2040dbb6f317b95314968021bd2888816e03d5
  react-native-google-maps: 2cfe3b01f8422c7dae51d8764139fd70f888cfce
  react-native-maps: 066c2afcc89e18726377bcc685315f989ca22449
  react-native-sqlite-storage: 848fb96c0b6d17b3f70e169ac41f84434cdad94c
  RNFS: bbb1a64eb245763daf34aea86f97c97c4e85f74c
  RNImageCropPicker: 32ca4b9fef4e1b7b85ba69494242122948117e06
  RNSVG: 6252323c0312735f0af5f58b5adf2965b6a9ffbf
  RSKImageCropper: 0d0c6d8525a2381f03fde32a47c6703817a2feed
  yoga: a23273df0088bf7f2bb7e5d7b00044ea57a2a54a

PODFILE CHECKSUM: 994f0f6329b7f4460342ceea0c6773140ed1577b

COCOAPODS: 1.5.3
